
Microsoft Visual Studio Solution File, Format Version 12.00
Project("{FAE04EC0-301F-11D3-BF4B-00C04F79EFBC}") = "UsersApi", "UsersApi.csproj", "{DE77E226-3133-4B91-BB9E-1EFC0BAFA41A}"
EndProject
Global
	GlobalSection(SolutionConfigurationPlatforms) = preSolution
		Debug|Any CPU = Debug|Any CPU
		Release|Any CPU = Release|Any CPU
	EndGlobalSection
	GlobalSection(ProjectConfigurationPlatforms) = postSolution
		{DE77E226-3133-4B91-BB9E-1EFC0BAFA41A}.Debug|Any CPU.ActiveCfg = Debug|Any CPU
		{DE77E226-3133-4B91-BB9E-1EFC0BAFA41A}.Debug|Any CPU.Build.0 = Debug|Any CPU
		{DE77E226-3133-4B91-BB9E-1EFC0BAFA41A}.Release|Any CPU.ActiveCfg = Release|Any CPU
		{DE77E226-3133-4B91-BB9E-1EFC0BAFA41A}.Release|Any CPU.Build.0 = Release|Any CPU
	EndGlobalSection
EndGlobal
